
Microsoft Visual Studio Solution File, Format Version 12.00
# Visual Studio Version 17
VisualStudioVersion = 17.4.33110.190
MinimumVisualStudioVersion = 10.0.40219.1
Project("{FAE04EC0-301F-11D3-BF4B-00C04F79EFBC}") = "Task1", "Task1\Task1.csproj", "{4362A4A1-034D-44FD-BCBF-1A9B83908328}"
EndProject
Project("{FAE04EC0-301F-11D3-BF4B-00C04F79EFBC}") = "Task2", "Task2\Task2.csproj", "{6949C9A0-1DDC-4A0D-A339-67D8919C801C}"
EndProject
Project("{FAE04EC0-301F-11D3-BF4B-00C04F79EFBC}") = "Task3", "Task3\Task3.csproj", "{928B6941-9725-4015-AAFA-B2AB4C0B8151}"
EndProject
Project("{FAE04EC0-301F-11D3-BF4B-00C04F79EFBC}") = "Task4", "Task4\Task4.csproj", "{957A76D4-2D3B-43EE-9CBE-7907C3CB296B}"
EndProject
Project("{FAE04EC0-301F-11D3-BF4B-00C04F79EFBC}") = "Task5", "Task5\Task5.csproj", "{6C3D7F56-B07F-485E-A7C5-94E58A4CFD43}"
EndProject
Global
	GlobalSection(SolutionConfigurationPlatforms) = preSolution
		Debug|Any CPU = Debug|Any CPU
		Release|Any CPU = Release|Any CPU
	EndGlobalSection
	GlobalSection(ProjectConfigurationPlatforms) = postSolution
		{4362A4A1-034D-44FD-BCBF-1A9B83908328}.Debug|Any CPU.ActiveCfg = Debug|Any CPU
		{4362A4A1-034D-44FD-BCBF-1A9B83908328}.Debug|Any CPU.Build.0 = Debug|Any CPU
		{4362A4A1-034D-44FD-BCBF-1A9B83908328}.Release|Any CPU.ActiveCfg = Release|Any CPU
		{4362A4A1-034D-44FD-BCBF-1A9B83908328}.Release|Any CPU.Build.0 = Release|Any CPU
		{6949C9A0-1DDC-4A0D-A339-67D8919C801C}.Debug|Any CPU.ActiveCfg = Debug|Any CPU
		{6949C9A0-1DDC-4A0D-A339-67D8919C801C}.Debug|Any CPU.Build.0 = Debug|Any CPU
		{6949C9A0-1DDC-4A0D-A339-67D8919C801C}.Release|Any CPU.ActiveCfg = Release|Any CPU
		{6949C9A0-1DDC-4A0D-A339-67D8919C801C}.Release|Any CPU.Build.0 = Release|Any CPU
		{928B6941-9725-4015-AAFA-B2AB4C0B8151}.Debug|Any CPU.ActiveCfg = Debug|Any CPU
		{928B6941-9725-4015-AAFA-B2AB4C0B8151}.Debug|Any CPU.Build.0 = Debug|Any CPU
		{928B6941-9725-4015-AAFA-B2AB4C0B8151}.Release|Any CPU.ActiveCfg = Release|Any CPU
		{928B6941-9725-4015-AAFA-B2AB4C0B8151}.Release|Any CPU.Build.0 = Release|Any CPU
		{957A76D4-2D3B-43EE-9CBE-7907C3CB296B}.Debug|Any CPU.ActiveCfg = Debug|Any CPU
		{957A76D4-2D3B-43EE-9CBE-7907C3CB296B}.Debug|Any CPU.Build.0 = Debug|Any CPU
		{957A76D4-2D3B-43EE-9CBE-7907C3CB296B}.Release|Any CPU.ActiveCfg = Release|Any CPU
		{957A76D4-2D3B-43EE-9CBE-7907C3CB296B}.Release|Any CPU.Build.0 = Release|Any CPU
		{6C3D7F56-B07F-485E-A7C5-94E58A4CFD43}.Debug|Any CPU.ActiveCfg = Debug|Any CPU
		{6C3D7F56-B07F-485E-A7C5-94E58A4CFD43}.Debug|Any CPU.Build.0 = Debug|Any CPU
		{6C3D7F56-B07F-485E-A7C5-94E58A4CFD43}.Release|Any CPU.ActiveCfg = Release|Any CPU
		{6C3D7F56-B07F-485E-A7C5-94E58A4CFD43}.Release|Any CPU.Build.0 = Release|Any CPU
	EndGlobalSection
	GlobalSection(SolutionProperties) = preSolution
		HideSolutionNode = FALSE
	EndGlobalSection
	GlobalSection(ExtensibilityGlobals) = postSolution
		SolutionGuid = {2AACCEE4-322E-45E4-8070-65E68BE70971}
	EndGlobalSection
EndGlobal
